
Microsoft Visual Studio Solution File, Format Version 12.00
# Visual Studio Version 17
VisualStudioVersion = 17.4.33205.214
MinimumVisualStudioVersion = 10.0.40219.1
Project("{9A19103F-16F7-4668-BE54-9A1E7A4F7556}") = "Authorization API", "Authorization API\Authorization API.csproj", "{B28B7E1F-6DB3-48D2-B723-C4E474818A7C}"
EndProject
Project("{2150E333-8FDC-42A3-9474-1A3956D46DE8}") = "Application", "Application", "{6C025089-CB74-4958-85C1-63F90C860A50}"
EndProject
Project("{9A19103F-16F7-4668-BE54-9A1E7A4F7556}") = "Authorization.Application", "Authorization.Application\Authorization.Application.csproj", "{74A97F34-0537-47DC-8EB3-7DA05BC1D74A}"
EndProject
Project("{9A19103F-16F7-4668-BE54-9A1E7A4F7556}") = "Authorization.Application.Contracts", "Authorization.Application.Contracts\Authorization.Application.Contracts.csproj", "{764BC6BB-A9D3-410A-AC64-1714FD0E3CBB}"
EndProject
Project("{9A19103F-16F7-4668-BE54-9A1E7A4F7556}") = "Authorization.Application.Helpers", "Authorization.Application.Helpers\Authorization.Application.Helpers.csproj", "{25BD293F-153E-4057-A8E9-615B23C84583}"
EndProject
Project("{9A19103F-16F7-4668-BE54-9A1E7A4F7556}") = "Authorization.Data.Domain", "..\Shared\Authorization.Data.Domain\Authorization.Data.Domain.csproj", "{CEF7570C-0056-40E0-8A8A-1871A05CA8FA}"
EndProject
Project("{2150E333-8FDC-42A3-9474-1A3956D46DE8}") = "Data Access", "Data Access", "{52E30C3F-9B0B-4E4B-AF18-8005D15C6411}"
EndProject
Project("{9A19103F-16F7-4668-BE54-9A1E7A4F7556}") = "Authorization.Data.EF.PostgreSQL", "..\Shared\Authorization.Data.EF.PostgreSQL\Authorization.Data.EF.PostgreSQL.csproj", "{BCDD01F6-6905-4012-AEA5-DE597FA802B8}"
EndProject
Project("{9A19103F-16F7-4668-BE54-9A1E7A4F7556}") = "Authorization.Data.Repository", "..\Shared\Authorization.Data.Repository\Authorization.Data.Repository.csproj", "{76319A43-FE21-4ADC-8495-15813EE9D1DB}"
EndProject
Project("{9A19103F-16F7-4668-BE54-9A1E7A4F7556}") = "Authorization.Data.Shared", "..\Shared\Authorization.Data.Shared\Authorization.Data.Shared.csproj", "{C453DAC9-3F18-444E-A27E-98F4EAE8EA3B}"
EndProject
Project("{FAE04EC0-301F-11D3-BF4B-00C04F79EFBC}") = "Authorization.Application.Resources", "Authorization.Application.Resources\Authorization.Application.Resources.csproj", "{F317FAA1-495A-4073-A858-C857924CD5FB}"
EndProject
Global
	GlobalSection(SolutionConfigurationPlatforms) = preSolution
		Debug|Any CPU = Debug|Any CPU
		Release|Any CPU = Release|Any CPU
	EndGlobalSection
	GlobalSection(ProjectConfigurationPlatforms) = postSolution
		{B28B7E1F-6DB3-48D2-B723-C4E474818A7C}.Debug|Any CPU.ActiveCfg = Debug|Any CPU
		{B28B7E1F-6DB3-48D2-B723-C4E474818A7C}.Debug|Any CPU.Build.0 = Debug|Any CPU
		{B28B7E1F-6DB3-48D2-B723-C4E474818A7C}.Release|Any CPU.ActiveCfg = Release|Any CPU
		{B28B7E1F-6DB3-48D2-B723-C4E474818A7C}.Release|Any CPU.Build.0 = Release|Any CPU
		{74A97F34-0537-47DC-8EB3-7DA05BC1D74A}.Debug|Any CPU.ActiveCfg = Debug|Any CPU
		{74A97F34-0537-47DC-8EB3-7DA05BC1D74A}.Debug|Any CPU.Build.0 = Debug|Any CPU
		{74A97F34-0537-47DC-8EB3-7DA05BC1D74A}.Release|Any CPU.ActiveCfg = Release|Any CPU
		{74A97F34-0537-47DC-8EB3-7DA05BC1D74A}.Release|Any CPU.Build.0 = Release|Any CPU
		{764BC6BB-A9D3-410A-AC64-1714FD0E3CBB}.Debug|Any CPU.ActiveCfg = Debug|Any CPU
		{764BC6BB-A9D3-410A-AC64-1714FD0E3CBB}.Debug|Any CPU.Build.0 = Debug|Any CPU
		{764BC6BB-A9D3-410A-AC64-1714FD0E3CBB}.Release|Any CPU.ActiveCfg = Release|Any CPU
		{764BC6BB-A9D3-410A-AC64-1714FD0E3CBB}.Release|Any CPU.Build.0 = Release|Any CPU
		{25BD293F-153E-4057-A8E9-615B23C84583}.Debug|Any CPU.ActiveCfg = Debug|Any CPU
		{25BD293F-153E-4057-A8E9-615B23C84583}.Debug|Any CPU.Build.0 = Debug|Any CPU
		{25BD293F-153E-4057-A8E9-615B23C84583}.Release|Any CPU.ActiveCfg = Release|Any CPU
		{25BD293F-153E-4057-A8E9-615B23C84583}.Release|Any CPU.Build.0 = Release|Any CPU
		{CEF7570C-0056-40E0-8A8A-1871A05CA8FA}.Debug|Any CPU.ActiveCfg = Debug|Any CPU
		{CEF7570C-0056-40E0-8A8A-1871A05CA8FA}.Debug|Any CPU.Build.0 = Debug|Any CPU
		{CEF7570C-0056-40E0-8A8A-1871A05CA8FA}.Release|Any CPU.ActiveCfg = Release|Any CPU
		{CEF7570C-0056-40E0-8A8A-1871A05CA8FA}.Release|Any CPU.Build.0 = Release|Any CPU
		{BCDD01F6-6905-4012-AEA5-DE597FA802B8}.Debug|Any CPU.ActiveCfg = Debug|Any CPU
		{BCDD01F6-6905-4012-AEA5-DE597FA802B8}.Debug|Any CPU.Build.0 = Debug|Any CPU
		{BCDD01F6-6905-4012-AEA5-DE597FA802B8}.Release|Any CPU.ActiveCfg = Release|Any CPU
		{BCDD01F6-6905-4012-AEA5-DE597FA802B8}.Release|Any CPU.Build.0 = Release|Any CPU
		{76319A43-FE21-4ADC-8495-15813EE9D1DB}.Debug|Any CPU.ActiveCfg = Debug|Any CPU
		{76319A43-FE21-4ADC-8495-15813EE9D1DB}.Debug|Any CPU.Build.0 = Debug|Any CPU
		{76319A43-FE21-4ADC-8495-15813EE9D1DB}.Release|Any CPU.ActiveCfg = Release|Any CPU
		{76319A43-FE21-4ADC-8495-15813EE9D1DB}.Release|Any CPU.Build.0 = Release|Any CPU
		{C453DAC9-3F18-444E-A27E-98F4EAE8EA3B}.Debug|Any CPU.ActiveCfg = Debug|Any CPU
		{C453DAC9-3F18-444E-A27E-98F4EAE8EA3B}.Debug|Any CPU.Build.0 = Debug|Any CPU
		{C453DAC9-3F18-444E-A27E-98F4EAE8EA3B}.Release|Any CPU.ActiveCfg = Release|Any CPU
		{C453DAC9-3F18-444E-A27E-98F4EAE8EA3B}.Release|Any CPU.Build.0 = Release|Any CPU
		{F317FAA1-495A-4073-A858-C857924CD5FB}.Debug|Any CPU.ActiveCfg = Debug|Any CPU
		{F317FAA1-495A-4073-A858-C857924CD5FB}.Debug|Any CPU.Build.0 = Debug|Any CPU
		{F317FAA1-495A-4073-A858-C857924CD5FB}.Release|Any CPU.ActiveCfg = Release|Any CPU
		{F317FAA1-495A-4073-A858-C857924CD5FB}.Release|Any CPU.Build.0 = Release|Any CPU
	EndGlobalSection
	GlobalSection(SolutionProperties) = preSolution
		HideSolutionNode = FALSE
	EndGlobalSection
	GlobalSection(NestedProjects) = preSolution
		{74A97F34-0537-47DC-8EB3-7DA05BC1D74A} = {6C025089-CB74-4958-85C1-63F90C860A50}
		{764BC6BB-A9D3-410A-AC64-1714FD0E3CBB} = {6C025089-CB74-4958-85C1-63F90C860A50}
		{25BD293F-153E-4057-A8E9-615B23C84583} = {6C025089-CB74-4958-85C1-63F90C860A50}
		{CEF7570C-0056-40E0-8A8A-1871A05CA8FA} = {52E30C3F-9B0B-4E4B-AF18-8005D15C6411}
		{BCDD01F6-6905-4012-AEA5-DE597FA802B8} = {52E30C3F-9B0B-4E4B-AF18-8005D15C6411}
		{76319A43-FE21-4ADC-8495-15813EE9D1DB} = {52E30C3F-9B0B-4E4B-AF18-8005D15C6411}
		{C453DAC9-3F18-444E-A27E-98F4EAE8EA3B} = {52E30C3F-9B0B-4E4B-AF18-8005D15C6411}
		{F317FAA1-495A-4073-A858-C857924CD5FB} = {6C025089-CB74-4958-85C1-63F90C860A50}
	EndGlobalSection
	GlobalSection(ExtensibilityGlobals) = postSolution
		SolutionGuid = {944233F2-3C35-4C1E-988B-2764511A32B6}
	EndGlobalSection
EndGlobal
